{
  "pins" : [
    {
      "identity" : "cameracontrolarview",
      "kind" : "remoteSourceControl",
      "location" : "https://github.com/heckj/CameraControlARView.git",
      "state" : {
        "revision" : "ede86905181f429d2749cda87275ce498ec9f072",
        "version" : "0.5.0"
      }
    },
    {
      "identity" : "swiftformat",
      "kind" : "remoteSourceControl",
      "location" : "https://github.com/nicklockwood/SwiftFormat",
      "state" : {
        "revision" : "da637c398c5d08896521b737f2868ddc2e7996ae",
        "version" : "0.50.6"
      }
    }
  ],
  "version" : 2
}
